// !$*UTF8*$!
{
	archiveVersion = 1;
	classes = {
	};
	objectVersion = 46;
	objects = {

/* Begin PBXBuildFile section */
		44429AA91F339CF20077D73A /* ContactTitleAndDetailTableViewCell.m in Sources */ = {isa = PBXBuildFile; fileRef = 44429AA81F339CF20077D73A /* ContactTitleAndDetailTableViewCell.m */; };
		44429AB01F33A4940077D73A /* ContactAddressTableViewCell.m in Sources */ = {isa = PBXBuildFile; fileRef = 44429AAF1F33A4940077D73A /* ContactAddressTableViewCell.m */; };
		44429AB71F33ACAD0077D73A /* ContactEditViewController.m in Sources */ = {isa = PBXBuildFile; fileRef = 44429AB61F33ACAD0077D73A /* ContactEditViewController.m */; };
		44429ABE1F33B3290077D73A /* ContactEditNameImageTableViewCell.m in Sources */ = {isa = PBXBuildFile; fileRef = 44429ABD1F33B3290077D73A /* ContactEditNameImageTableViewCell.m */; };
		4475940C1F3249D300EAFB47 /* main.m in Sources */ = {isa = PBXBuildFile; fileRef = 4475940B1F3249D300EAFB47 /* main.m */; };
		4475940F1F3249D300EAFB47 /* AppDelegate.m in Sources */ = {isa = PBXBuildFile; fileRef = 4475940E1F3249D300EAFB47 /* AppDelegate.m */; };
		447594151F3249D300EAFB47 /* Main.storyboard in Resources */ = {isa = PBXBuildFile; fileRef = 447594131F3249D300EAFB47 /* Main.storyboard */; };
		447594171F3249D300EAFB47 /* Assets.xcassets in Resources */ = {isa = PBXBuildFile; fileRef = 447594161F3249D300EAFB47 /* Assets.xcassets */; };
		4475941A1F3249D300EAFB47 /* LaunchScreen.storyboard in Resources */ = {isa = PBXBuildFile; fileRef = 447594181F3249D300EAFB47 /* LaunchScreen.storyboard */; };
		447594251F3249D300EAFB47 /* JSContactBookTests.m in Sources */ = {isa = PBXBuildFile; fileRef = 447594241F3249D300EAFB47 /* JSContactBookTests.m */; };
		447594301F3249D300EAFB47 /* JSContactBookUITests.m in Sources */ = {isa = PBXBuildFile; fileRef = 4475942F1F3249D300EAFB47 /* JSContactBookUITests.m */; };
		447594451F324F4100EAFB47 /* ContactManager.m in Sources */ = {isa = PBXBuildFile; fileRef = 447594441F324F4100EAFB47 /* ContactManager.m */; };
		44AC2CEC1F33DF670081041A /* ContactEditAddDataTableViewCell.m in Sources */ = {isa = PBXBuildFile; fileRef = 44AC2CEB1F33DF670081041A /* ContactEditAddDataTableViewCell.m */; };
		44AC2CF31F33E23C0081041A /* ContactEditAddDetailTableViewCell.m in Sources */ = {isa = PBXBuildFile; fileRef = 44AC2CF21F33E23C0081041A /* ContactEditAddDetailTableViewCell.m */; };
		44D96CF51F3B540100CE1839 /* ContactHistoryViewController.m in Sources */ = {isa = PBXBuildFile; fileRef = 44D96CF41F3B540100CE1839 /* ContactHistoryViewController.m */; };
		44D96CFC1F3B547400CE1839 /* CallHistoryTableViewCell.m in Sources */ = {isa = PBXBuildFile; fileRef = 44D96CFB1F3B547400CE1839 /* CallHistoryTableViewCell.m */; };
		51BF833E08018DC7F40217BB /* Pods_JSContactBook.framework in Frameworks */ = {isa = PBXBuildFile; fileRef = 204ACE60C35DFD6307F9A4F1 /* Pods_JSContactBook.framework */; };
		8C32C0CD1F332AF400B920DD /* CNContact+JSContact.m in Sources */ = {isa = PBXBuildFile; fileRef = 8C32C0CC1F332AF400B920DD /* CNContact+JSContact.m */; };
		8C32C0D41F332E8700B920DD /* NSAttributedString+JSAttributedString.m in Sources */ = {isa = PBXBuildFile; fileRef = 8C32C0D31F332E8700B920DD /* NSAttributedString+JSAttributedString.m */; };
		8C32C0E21F33570000B920DD /* ContactDetailViewController.m in Sources */ = {isa = PBXBuildFile; fileRef = 8C32C0DB1F33570000B920DD /* ContactDetailViewController.m */; };
		8C32C0E31F33570000B920DD /* ContactTableViewCell.m in Sources */ = {isa = PBXBuildFile; fileRef = 8C32C0DF1F33570000B920DD /* ContactTableViewCell.m */; };
		8C32C0E41F33570000B920DD /* ViewController.m in Sources */ = {isa = PBXBuildFile; fileRef = 8C32C0E11F33570000B920DD /* ViewController.m */; };
		8C32C0EB1F33582300B920DD /* ContactImageTableViewCell.m in Sources */ = {isa = PBXBuildFile; fileRef = 8C32C0EA1F33582300B920DD /* ContactImageTableViewCell.m */; };
		8C9EAA341F3AF86E00A90C97 /* ContactListCoreDataViewController.m in Sources */ = {isa = PBXBuildFile; fileRef = 8C9EAA331F3AF86E00A90C97 /* ContactListCoreDataViewController.m */; };
		8CAD92791F3B26F200F7C1A0 /* JSContact+CoreDataClass.m in Sources */ = {isa = PBXBuildFile; fileRef = 8CAD92721F3B26F200F7C1A0 /* JSContact+CoreDataClass.m */; };
		8CAD927A1F3B26F200F7C1A0 /* JSContact+CoreDataProperties.m in Sources */ = {isa = PBXBuildFile; fileRef = 8CAD92741F3B26F200F7C1A0 /* JSContact+CoreDataProperties.m */; };
		8CAD927B1F3B26F200F7C1A0 /* JSPhoneNumber+CoreDataClass.m in Sources */ = {isa = PBXBuildFile; fileRef = 8CAD92761F3B26F200F7C1A0 /* JSPhoneNumber+CoreDataClass.m */; };
		8CAD927C1F3B26F200F7C1A0 /* JSPhoneNumber+CoreDataProperties.m in Sources */ = {isa = PBXBuildFile; fileRef = 8CAD92781F3B26F200F7C1A0 /* JSPhoneNumber+CoreDataProperties.m */; };
		8CAD92811F3B270100F7C1A0 /* JSContactHistory+CoreDataClass.m in Sources */ = {isa = PBXBuildFile; fileRef = 8CAD927E1F3B270100F7C1A0 /* JSContactHistory+CoreDataClass.m */; };
		8CAD92821F3B270100F7C1A0 /* JSContactHistory+CoreDataProperties.m in Sources */ = {isa = PBXBuildFile; fileRef = 8CAD92801F3B270100F7C1A0 /* JSContactHistory+CoreDataProperties.m */; };
		8CC0C2401F3AC43600567CDE /* CoreDataManager.m in Sources */ = {isa = PBXBuildFile; fileRef = 8CC0C23F1F3AC43600567CDE /* CoreDataManager.m */; };
		8CC0C2491F3AC70800567CDE /* JSContactBook.xcdatamodeld in Sources */ = {isa = PBXBuildFile; fileRef = 8CC0C2471F3AC70800567CDE /* JSContactBook.xcdatamodeld */; };
		8CC0C2A01F3AE20B00567CDE /* NSManagedObjectContext+Queryable.m in Sources */ = {isa = PBXBuildFile; fileRef = 8CC0C29D1F3AE20B00567CDE /* NSManagedObjectContext+Queryable.m */; };
		8CC0C2A11F3AE20B00567CDE /* NSManagedObjectContext+QueryType.m in Sources */ = {isa = PBXBuildFile; fileRef = 8CC0C29F1F3AE20B00567CDE /* NSManagedObjectContext+QueryType.m */; };
/* End PBXBuildFile section */

/* Begin PBXContainerItemProxy section */
		447594211F3249D300EAFB47 /* PBXContainerItemProxy */ = {
			isa = PBXContainerItemProxy;
			containerPortal = 447593FF1F3249D300EAFB47 /* Project object */;
			proxyType = 1;
			remoteGlobalIDString = 447594061F3249D300EAFB47;
			remoteInfo = JSContactBook;
		};
		4475942C1F3249D300EAFB47 /* PBXContainerItemProxy */ = {
			isa = PBXContainerItemProxy;
			containerPortal = 447593FF1F3249D300EAFB47 /* Project object */;
			proxyType = 1;
			remoteGlobalIDString = 447594061F3249D300EAFB47;
			remoteInfo = JSContactBook;
		};
/* End PBXContainerItemProxy section */

/* Begin PBXFileReference section */
		204ACE60C35DFD6307F9A4F1 /* Pods_JSContactBook.framework */ = {isa = PBXFileReference; explicitFileType = wrapper.framework; includeInIndex = 0; path = Pods_JSContactBook.framework; sourceTree = BUILT_PRODUCTS_DIR; };
		25D33E470512EB58D7782E5F /* Pods-JSContactBook.debug.xcconfig */ = {isa = PBXFileReference; includeInIndex = 1; lastKnownFileType = text.xcconfig; name = "Pods-JSContactBook.debug.xcconfig"; path = "Pods/Target Support Files/Pods-JSContactBook/Pods-JSContactBook.debug.xcconfig"; sourceTree = "<group>"; };
		44429AA71F339CF20077D73A /* ContactTitleAndDetailTableViewCell.h */ = {isa = PBXFileReference; fileEncoding = 4; lastKnownFileType = sourcecode.c.h; path = ContactTitleAndDetailTableViewCell.h; sourceTree = "<group>"; };
		44429AA81F339CF20077D73A /* ContactTitleAndDetailTableViewCell.m */ = {isa = PBXFileReference; fileEncoding = 4; lastKnownFileType = sourcecode.c.objc; path = ContactTitleAndDetailTableViewCell.m; sourceTree = "<group>"; };
		44429AAE1F33A4940077D73A /* ContactAddressTableViewCell.h */ = {isa = PBXFileReference; fileEncoding = 4; lastKnownFileType = sourcecode.c.h; path = ContactAddressTableViewCell.h; sourceTree = "<group>"; };
		44429AAF1F33A4940077D73A /* ContactAddressTableViewCell.m */ = {isa = PBXFileReference; fileEncoding = 4; lastKnownFileType = sourcecode.c.objc; path = ContactAddressTableViewCell.m; sourceTree = "<group>"; };
		44429AB51F33ACAD0077D73A /* ContactEditViewController.h */ = {isa = PBXFileReference; fileEncoding = 4; lastKnownFileType = sourcecode.c.h; path = ContactEditViewController.h; sourceTree = "<group>"; };
		44429AB61F33ACAD0077D73A /* ContactEditViewController.m */ = {isa = PBXFileReference; fileEncoding = 4; lastKnownFileType = sourcecode.c.objc; path = ContactEditViewController.m; sourceTree = "<group>"; };
		44429ABC1F33B3290077D73A /* ContactEditNameImageTableViewCell.h */ = {isa = PBXFileReference; fileEncoding = 4; lastKnownFileType = sourcecode.c.h; path = ContactEditNameImageTableViewCell.h; sourceTree = "<group>"; };
		44429ABD1F33B3290077D73A /* ContactEditNameImageTableViewCell.m */ = {isa = PBXFileReference; fileEncoding = 4; lastKnownFileType = sourcecode.c.objc; path = ContactEditNameImageTableViewCell.m; sourceTree = "<group>"; };
		447594071F3249D300EAFB47 /* JSContactBook.app */ = {isa = PBXFileReference; explicitFileType = wrapper.application; includeInIndex = 0; path = JSContactBook.app; sourceTree = BUILT_PRODUCTS_DIR; };
		4475940B1F3249D300EAFB47 /* main.m */ = {isa = PBXFileReference; lastKnownFileType = sourcecode.c.objc; path = main.m; sourceTree = "<group>"; };
		4475940D1F3249D300EAFB47 /* AppDelegate.h */ = {isa = PBXFileReference; lastKnownFileType = sourcecode.c.h; path = AppDelegate.h; sourceTree = "<group>"; };
		4475940E1F3249D300EAFB47 /* AppDelegate.m */ = {isa = PBXFileReference; lastKnownFileType = sourcecode.c.objc; path = AppDelegate.m; sourceTree = "<group>"; };
		447594141F3249D300EAFB47 /* Base */ = {isa = PBXFileReference; lastKnownFileType = file.storyboard; name = Base; path = Base.lproj/Main.storyboard; sourceTree = "<group>"; };
		447594161F3249D300EAFB47 /* Assets.xcassets */ = {isa = PBXFileReference; lastKnownFileType = folder.assetcatalog; path = Assets.xcassets; sourceTree = "<group>"; };
		447594191F3249D300EAFB47 /* Base */ = {isa = PBXFileReference; lastKnownFileType = file.storyboard; name = Base; path = Base.lproj/LaunchScreen.storyboard; sourceTree = "<group>"; };
		4475941B1F3249D300EAFB47 /* Info.plist */ = {isa = PBXFileReference; lastKnownFileType = text.plist.xml; path = Info.plist; sourceTree = "<group>"; };
		447594201F3249D300EAFB47 /* JSContactBookTests.xctest */ = {isa = PBXFileReference; explicitFileType = wrapper.cfbundle; includeInIndex = 0; path = JSContactBookTests.xctest; sourceTree = BUILT_PRODUCTS_DIR; };
		447594241F3249D300EAFB47 /* JSContactBookTests.m */ = {isa = PBXFileReference; lastKnownFileType = sourcecode.c.objc; path = JSContactBookTests.m; sourceTree = "<group>"; };
		447594261F3249D300EAFB47 /* Info.plist */ = {isa = PBXFileReference; lastKnownFileType = text.plist.xml; path = Info.plist; sourceTree = "<group>"; };
		4475942B1F3249D300EAFB47 /* JSContactBookUITests.xctest */ = {isa = PBXFileReference; explicitFileType = wrapper.cfbundle; includeInIndex = 0; path = JSContactBookUITests.xctest; sourceTree = BUILT_PRODUCTS_DIR; };
		4475942F1F3249D300EAFB47 /* JSContactBookUITests.m */ = {isa = PBXFileReference; lastKnownFileType = sourcecode.c.objc; path = JSContactBookUITests.m; sourceTree = "<group>"; };
		447594311F3249D300EAFB47 /* Info.plist */ = {isa = PBXFileReference; lastKnownFileType = text.plist.xml; path = Info.plist; sourceTree = "<group>"; };
		447594431F324F4100EAFB47 /* ContactManager.h */ = {isa = PBXFileReference; fileEncoding = 4; lastKnownFileType = sourcecode.c.h; path = ContactManager.h; sourceTree = "<group>"; };
		447594441F324F4100EAFB47 /* ContactManager.m */ = {isa = PBXFileReference; fileEncoding = 4; lastKnownFileType = sourcecode.c.objc; path = ContactManager.m; sourceTree = "<group>"; };
		44AC2CEA1F33DF670081041A /* ContactEditAddDataTableViewCell.h */ = {isa = PBXFileReference; fileEncoding = 4; lastKnownFileType = sourcecode.c.h; path = ContactEditAddDataTableViewCell.h; sourceTree = "<group>"; };
		44AC2CEB1F33DF670081041A /* ContactEditAddDataTableViewCell.m */ = {isa = PBXFileReference; fileEncoding = 4; lastKnownFileType = sourcecode.c.objc; path = ContactEditAddDataTableViewCell.m; sourceTree = "<group>"; };
		44AC2CF11F33E23C0081041A /* ContactEditAddDetailTableViewCell.h */ = {isa = PBXFileReference; fileEncoding = 4; lastKnownFileType = sourcecode.c.h; path = ContactEditAddDetailTableViewCell.h; sourceTree = "<group>"; };
		44AC2CF21F33E23C0081041A /* ContactEditAddDetailTableViewCell.m */ = {isa = PBXFileReference; fileEncoding = 4; lastKnownFileType = sourcecode.c.objc; path = ContactEditAddDetailTableViewCell.m; sourceTree = "<group>"; };
		44D96CF31F3B540100CE1839 /* ContactHistoryViewController.h */ = {isa = PBXFileReference; fileEncoding = 4; lastKnownFileType = sourcecode.c.h; path = ContactHistoryViewController.h; sourceTree = "<group>"; };
		44D96CF41F3B540100CE1839 /* ContactHistoryViewController.m */ = {isa = PBXFileReference; fileEncoding = 4; lastKnownFileType = sourcecode.c.objc; path = ContactHistoryViewController.m; sourceTree = "<group>"; };
		44D96CFA1F3B547400CE1839 /* CallHistoryTableViewCell.h */ = {isa = PBXFileReference; fileEncoding = 4; lastKnownFileType = sourcecode.c.h; path = CallHistoryTableViewCell.h; sourceTree = "<group>"; };
		44D96CFB1F3B547400CE1839 /* CallHistoryTableViewCell.m */ = {isa = PBXFileReference; fileEncoding = 4; lastKnownFileType = sourcecode.c.objc; path = CallHistoryTableViewCell.m; sourceTree = "<group>"; };
		8C32C0CB1F332AF400B920DD /* CNContact+JSContact.h */ = {isa = PBXFileReference; fileEncoding = 4; lastKnownFileType = sourcecode.c.h; path = "CNContact+JSContact.h"; sourceTree = "<group>"; };
		8C32C0CC1F332AF400B920DD /* CNContact+JSContact.m */ = {isa = PBXFileReference; fileEncoding = 4; lastKnownFileType = sourcecode.c.objc; path = "CNContact+JSContact.m"; sourceTree = "<group>"; };
		8C32C0D21F332E8700B920DD /* NSAttributedString+JSAttributedString.h */ = {isa = PBXFileReference; fileEncoding = 4; lastKnownFileType = sourcecode.c.h; path = "NSAttributedString+JSAttributedString.h"; sourceTree = "<group>"; };
		8C32C0D31F332E8700B920DD /* NSAttributedString+JSAttributedString.m */ = {isa = PBXFileReference; fileEncoding = 4; lastKnownFileType = sourcecode.c.objc; path = "NSAttributedString+JSAttributedString.m"; sourceTree = "<group>"; };
		8C32C0DA1F33570000B920DD /* ContactDetailViewController.h */ = {isa = PBXFileReference; fileEncoding = 4; lastKnownFileType = sourcecode.c.h; path = ContactDetailViewController.h; sourceTree = "<group>"; };
		8C32C0DB1F33570000B920DD /* ContactDetailViewController.m */ = {isa = PBXFileReference; fileEncoding = 4; lastKnownFileType = sourcecode.c.objc; path = ContactDetailViewController.m; sourceTree = "<group>"; };
		8C32C0DE1F33570000B920DD /* ContactTableViewCell.h */ = {isa = PBXFileReference; fileEncoding = 4; lastKnownFileType = sourcecode.c.h; path = ContactTableViewCell.h; sourceTree = "<group>"; };
		8C32C0DF1F33570000B920DD /* ContactTableViewCell.m */ = {isa = PBXFileReference; fileEncoding = 4; lastKnownFileType = sourcecode.c.objc; path = ContactTableViewCell.m; sourceTree = "<group>"; };
		8C32C0E01F33570000B920DD /* ViewController.h */ = {isa = PBXFileReference; fileEncoding = 4; lastKnownFileType = sourcecode.c.h; path = ViewController.h; sourceTree = "<group>"; };
		8C32C0E11F33570000B920DD /* ViewController.m */ = {isa = PBXFileReference; fileEncoding = 4; lastKnownFileType = sourcecode.c.objc; path = ViewController.m; sourceTree = "<group>"; };
		8C32C0E91F33582300B920DD /* ContactImageTableViewCell.h */ = {isa = PBXFileReference; fileEncoding = 4; lastKnownFileType = sourcecode.c.h; path = ContactImageTableViewCell.h; sourceTree = "<group>"; };
		8C32C0EA1F33582300B920DD /* ContactImageTableViewCell.m */ = {isa = PBXFileReference; fileEncoding = 4; lastKnownFileType = sourcecode.c.objc; path = ContactImageTableViewCell.m; sourceTree = "<group>"; };
		8C9EAA321F3AF86E00A90C97 /* ContactListCoreDataViewController.h */ = {isa = PBXFileReference; fileEncoding = 4; lastKnownFileType = sourcecode.c.h; path = ContactListCoreDataViewController.h; sourceTree = "<group>"; };
		8C9EAA331F3AF86E00A90C97 /* ContactListCoreDataViewController.m */ = {isa = PBXFileReference; fileEncoding = 4; lastKnownFileType = sourcecode.c.objc; path = ContactListCoreDataViewController.m; sourceTree = "<group>"; };
		8CAD92711F3B26F200F7C1A0 /* JSContact+CoreDataClass.h */ = {isa = PBXFileReference; fileEncoding = 4; lastKnownFileType = sourcecode.c.h; path = "JSContact+CoreDataClass.h"; sourceTree = "<group>"; };
		8CAD92721F3B26F200F7C1A0 /* JSContact+CoreDataClass.m */ = {isa = PBXFileReference; fileEncoding = 4; lastKnownFileType = sourcecode.c.objc; path = "JSContact+CoreDataClass.m"; sourceTree = "<group>"; };
		8CAD92731F3B26F200F7C1A0 /* JSContact+CoreDataProperties.h */ = {isa = PBXFileReference; fileEncoding = 4; lastKnownFileType = sourcecode.c.h; path = "JSContact+CoreDataProperties.h"; sourceTree = "<group>"; };
		8CAD92741F3B26F200F7C1A0 /* JSContact+CoreDataProperties.m */ = {isa = PBXFileReference; fileEncoding = 4; lastKnownFileType = sourcecode.c.objc; path = "JSContact+CoreDataProperties.m"; sourceTree = "<group>"; };
		8CAD92751F3B26F200F7C1A0 /* JSPhoneNumber+CoreDataClass.h */ = {isa = PBXFileReference; fileEncoding = 4; lastKnownFileType = sourcecode.c.h; path = "JSPhoneNumber+CoreDataClass.h"; sourceTree = "<group>"; };
		8CAD92761F3B26F200F7C1A0 /* JSPhoneNumber+CoreDataClass.m */ = {isa = PBXFileReference; fileEncoding = 4; lastKnownFileType = sourcecode.c.objc; path = "JSPhoneNumber+CoreDataClass.m"; sourceTree = "<group>"; };
		8CAD92771F3B26F200F7C1A0 /* JSPhoneNumber+CoreDataProperties.h */ = {isa = PBXFileReference; fileEncoding = 4; lastKnownFileType = sourcecode.c.h; path = "JSPhoneNumber+CoreDataProperties.h"; sourceTree = "<group>"; };
		8CAD92781F3B26F200F7C1A0 /* JSPhoneNumber+CoreDataProperties.m */ = {isa = PBXFileReference; fileEncoding = 4; lastKnownFileType = sourcecode.c.objc; path = "JSPhoneNumber+CoreDataProperties.m"; sourceTree = "<group>"; };
		8CAD927D1F3B270100F7C1A0 /* JSContactHistory+CoreDataClass.h */ = {isa = PBXFileReference; fileEncoding = 4; lastKnownFileType = sourcecode.c.h; path = "JSContactHistory+CoreDataClass.h"; sourceTree = "<group>"; };
		8CAD927E1F3B270100F7C1A0 /* JSContactHistory+CoreDataClass.m */ = {isa = PBXFileReference; fileEncoding = 4; lastKnownFileType = sourcecode.c.objc; path = "JSContactHistory+CoreDataClass.m"; sourceTree = "<group>"; };
		8CAD927F1F3B270100F7C1A0 /* JSContactHistory+CoreDataProperties.h */ = {isa = PBXFileReference; fileEncoding = 4; lastKnownFileType = sourcecode.c.h; path = "JSContactHistory+CoreDataProperties.h"; sourceTree = "<group>"; };
		8CAD92801F3B270100F7C1A0 /* JSContactHistory+CoreDataProperties.m */ = {isa = PBXFileReference; fileEncoding = 4; lastKnownFileType = sourcecode.c.objc; path = "JSContactHistory+CoreDataProperties.m"; sourceTree = "<group>"; };
		8CC0C23E1F3AC43600567CDE /* CoreDataManager.h */ = {isa = PBXFileReference; fileEncoding = 4; lastKnownFileType = sourcecode.c.h; path = CoreDataManager.h; sourceTree = "<group>"; };
		8CC0C23F1F3AC43600567CDE /* CoreDataManager.m */ = {isa = PBXFileReference; fileEncoding = 4; lastKnownFileType = sourcecode.c.objc; path = CoreDataManager.m; sourceTree = "<group>"; };
		8CC0C2461F3AC67A00567CDE /* CoreDataConstant.h */ = {isa = PBXFileReference; lastKnownFileType = sourcecode.c.h; path = CoreDataConstant.h; sourceTree = "<group>"; };
		8CC0C2481F3AC70800567CDE /* JSContactBook.xcdatamodel */ = {isa = PBXFileReference; lastKnownFileType = wrapper.xcdatamodel; path = JSContactBook.xcdatamodel; sourceTree = "<group>"; };
		8CC0C29B1F3AE20B00567CDE /* ios-queryable-Prefix.pch */ = {isa = PBXFileReference; fileEncoding = 4; lastKnownFileType = sourcecode.c.h; path = "ios-queryable-Prefix.pch"; sourceTree = "<group>"; };
		8CC0C29C1F3AE20B00567CDE /* NSManagedObjectContext+Queryable.h */ = {isa = PBXFileReference; fileEncoding = 4; lastKnownFileType = sourcecode.c.h; path = "NSManagedObjectContext+Queryable.h"; sourceTree = "<group>"; };
		8CC0C29D1F3AE20B00567CDE /* NSManagedObjectContext+Queryable.m */ = {isa = PBXFileReference; fileEncoding = 4; lastKnownFileType = sourcecode.c.objc; path = "NSManagedObjectContext+Queryable.m"; sourceTree = "<group>"; };
		8CC0C29E1F3AE20B00567CDE /* NSManagedObjectContext+QueryType.h */ = {isa = PBXFileReference; fileEncoding = 4; lastKnownFileType = sourcecode.c.h; path = "NSManagedObjectContext+QueryType.h"; sourceTree = "<group>"; };
		8CC0C29F1F3AE20B00567CDE /* NSManagedObjectContext+QueryType.m */ = {isa = PBXFileReference; fileEncoding = 4; lastKnownFileType = sourcecode.c.objc; path = "NSManagedObjectContext+QueryType.m"; sourceTree = "<group>"; };
		D20787C511E5B6D249448596 /* Pods-JSContactBook.release.xcconfig */ = {isa = PBXFileReference; includeInIndex = 1; lastKnownFileType = text.xcconfig; name = "Pods-JSContactBook.release.xcconfig"; path = "Pods/Target Support Files/Pods-JSContactBook/Pods-JSContactBook.release.xcconfig"; sourceTree = "<group>"; };
/* End PBXFileReference section */

/* Begin PBXFrameworksBuildPhase section */
		447594041F3249D300EAFB47 /* Frameworks */ = {
			isa = PBXFrameworksBuildPhase;
			buildActionMask = 2147483647;
			files = (
				51BF833E08018DC7F40217BB /* Pods_JSContactBook.framework in Frameworks */,
			);
			runOnlyForDeploymentPostprocessing = 0;
		};
		4475941D1F3249D300EAFB47 /* Frameworks */ = {
			isa = PBXFrameworksBuildPhase;
			buildActionMask = 2147483647;
			files = (
			);
			runOnlyForDeploymentPostprocessing = 0;
		};
		447594281F3249D300EAFB47 /* Frameworks */ = {
			isa = PBXFrameworksBuildPhase;
			buildActionMask = 2147483647;
			files = (
			);
			runOnlyForDeploymentPostprocessing = 0;
		};
/* End PBXFrameworksBuildPhase section */

/* Begin PBXGroup section */
		0BA8B2C97923747023A4A589 /* Frameworks */ = {
			isa = PBXGroup;
			children = (
				204ACE60C35DFD6307F9A4F1 /* Pods_JSContactBook.framework */,
			);
			name = Frameworks;
			sourceTree = "<group>";
		};
		44429AA61F339CF20077D73A /* ContactTitleAndDetailTableViewCell */ = {
			isa = PBXGroup;
			children = (
				44429AA71F339CF20077D73A /* ContactTitleAndDetailTableViewCell.h */,
				44429AA81F339CF20077D73A /* ContactTitleAndDetailTableViewCell.m */,
			);
			path = ContactTitleAndDetailTableViewCell;
			sourceTree = "<group>";
		};
		44429AAD1F33A4940077D73A /* ContactAddressTableViewCell */ = {
			isa = PBXGroup;
			children = (
				44429AAE1F33A4940077D73A /* ContactAddressTableViewCell.h */,
				44429AAF1F33A4940077D73A /* ContactAddressTableViewCell.m */,
			);
			path = ContactAddressTableViewCell;
			sourceTree = "<group>";
		};
		44429AB41F33ACAD0077D73A /* ContactEditViewController */ = {
			isa = PBXGroup;
			children = (
				44429AB51F33ACAD0077D73A /* ContactEditViewController.h */,
				44429AB61F33ACAD0077D73A /* ContactEditViewController.m */,
				44AC2CF01F33E23C0081041A /* ContactEditAddDetailTableViewCell */,
				44AC2CE91F33DF670081041A /* ContactEditAddDataTableViewCell */,
				44429ABB1F33B3290077D73A /* ContactEditNameImageTableViewCell */,
			);
			path = ContactEditViewController;
			sourceTree = "<group>";
		};
		44429ABB1F33B3290077D73A /* ContactEditNameImageTableViewCell */ = {
			isa = PBXGroup;
			children = (
				44429ABC1F33B3290077D73A /* ContactEditNameImageTableViewCell.h */,
				44429ABD1F33B3290077D73A /* ContactEditNameImageTableViewCell.m */,
			);
			path = ContactEditNameImageTableViewCell;
			sourceTree = "<group>";
		};
		447593FE1F3249D300EAFB47 = {
			isa = PBXGroup;
			children = (
				447594091F3249D300EAFB47 /* JSContactBook */,
				447594231F3249D300EAFB47 /* JSContactBookTests */,
				4475942E1F3249D300EAFB47 /* JSContactBookUITests */,
				447594081F3249D300EAFB47 /* Products */,
				EBA706D4144146307BF68E4A /* Pods */,
				0BA8B2C97923747023A4A589 /* Frameworks */,
			);
			sourceTree = "<group>";
		};
		447594081F3249D300EAFB47 /* Products */ = {
			isa = PBXGroup;
			children = (
				447594071F3249D300EAFB47 /* JSContactBook.app */,
				447594201F3249D300EAFB47 /* JSContactBookTests.xctest */,
				4475942B1F3249D300EAFB47 /* JSContactBookUITests.xctest */,
			);
			name = Products;
			sourceTree = "<group>";
		};
		447594091F3249D300EAFB47 /* JSContactBook */ = {
			isa = PBXGroup;
			children = (
				4475940D1F3249D300EAFB47 /* AppDelegate.h */,
				4475940E1F3249D300EAFB47 /* AppDelegate.m */,
				8CAD926F1F3B26F200F7C1A0 /* Model */,
				8C32C0D81F33570000B920DD /* Controller */,
				447594421F324F4100EAFB47 /* ContactManager */,
				8CC0C23D1F3AC43600567CDE /* CoreDataManager */,
				447594131F3249D300EAFB47 /* Main.storyboard */,
				447594161F3249D300EAFB47 /* Assets.xcassets */,
				447594181F3249D300EAFB47 /* LaunchScreen.storyboard */,
				4475941B1F3249D300EAFB47 /* Info.plist */,
				4475940A1F3249D300EAFB47 /* Supporting Files */,
				8CC0C2471F3AC70800567CDE /* JSContactBook.xcdatamodeld */,
			);
			path = JSContactBook;
			sourceTree = "<group>";
		};
		4475940A1F3249D300EAFB47 /* Supporting Files */ = {
			isa = PBXGroup;
			children = (
				4475940B1F3249D300EAFB47 /* main.m */,
			);
			name = "Supporting Files";
			sourceTree = "<group>";
		};
		447594231F3249D300EAFB47 /* JSContactBookTests */ = {
			isa = PBXGroup;
			children = (
				447594241F3249D300EAFB47 /* JSContactBookTests.m */,
				447594261F3249D300EAFB47 /* Info.plist */,
			);
			path = JSContactBookTests;
			sourceTree = "<group>";
		};
		4475942E1F3249D300EAFB47 /* JSContactBookUITests */ = {
			isa = PBXGroup;
			children = (
				4475942F1F3249D300EAFB47 /* JSContactBookUITests.m */,
				447594311F3249D300EAFB47 /* Info.plist */,
			);
			path = JSContactBookUITests;
			sourceTree = "<group>";
		};
		447594421F324F4100EAFB47 /* ContactManager */ = {
			isa = PBXGroup;
			children = (
				8C32C0D11F332E8700B920DD /* JSAttributedString */,
				8C32C0CA1F332AF400B920DD /* JSContact */,
				447594431F324F4100EAFB47 /* ContactManager.h */,
				447594441F324F4100EAFB47 /* ContactManager.m */,
			);
			path = ContactManager;
			sourceTree = "<group>";
		};
		44AC2CE91F33DF670081041A /* ContactEditAddDataTableViewCell */ = {
			isa = PBXGroup;
			children = (
				44AC2CEA1F33DF670081041A /* ContactEditAddDataTableViewCell.h */,
				44AC2CEB1F33DF670081041A /* ContactEditAddDataTableViewCell.m */,
			);
			path = ContactEditAddDataTableViewCell;
			sourceTree = "<group>";
		};
		44AC2CF01F33E23C0081041A /* ContactEditAddDetailTableViewCell */ = {
			isa = PBXGroup;
			children = (
				44AC2CF11F33E23C0081041A /* ContactEditAddDetailTableViewCell.h */,
				44AC2CF21F33E23C0081041A /* ContactEditAddDetailTableViewCell.m */,
			);
			path = ContactEditAddDetailTableViewCell;
			sourceTree = "<group>";
		};
		44D96CF21F3B540100CE1839 /* ContactHistoryViewController */ = {
			isa = PBXGroup;
			children = (
				44D96CF31F3B540100CE1839 /* ContactHistoryViewController.h */,
				44D96CF41F3B540100CE1839 /* ContactHistoryViewController.m */,
				44D96CF91F3B547400CE1839 /* CallHistoryTableViewCell */,
			);
			path = ContactHistoryViewController;
			sourceTree = "<group>";
		};
		44D96CF91F3B547400CE1839 /* CallHistoryTableViewCell */ = {
			isa = PBXGroup;
			children = (
				44D96CFA1F3B547400CE1839 /* CallHistoryTableViewCell.h */,
				44D96CFB1F3B547400CE1839 /* CallHistoryTableViewCell.m */,
			);
			path = CallHistoryTableViewCell;
			sourceTree = "<group>";
		};
		8C32C0CA1F332AF400B920DD /* JSContact */ = {
			isa = PBXGroup;
			children = (
				8C32C0CB1F332AF400B920DD /* CNContact+JSContact.h */,
				8C32C0CC1F332AF400B920DD /* CNContact+JSContact.m */,
			);
			path = JSContact;
			sourceTree = "<group>";
		};
		8C32C0D11F332E8700B920DD /* JSAttributedString */ = {
			isa = PBXGroup;
			children = (
				8C32C0D21F332E8700B920DD /* NSAttributedString+JSAttributedString.h */,
				8C32C0D31F332E8700B920DD /* NSAttributedString+JSAttributedString.m */,
			);
			path = JSAttributedString;
			sourceTree = "<group>";
		};
		8C32C0D81F33570000B920DD /* Controller */ = {
			isa = PBXGroup;
			children = (
				8C32C0DC1F33570000B920DD /* ContactViewController */,
				8C32C0D91F33570000B920DD /* ContactDetailViewController */,
				44429AB41F33ACAD0077D73A /* ContactEditViewController */,
				44D96CF21F3B540100CE1839 /* ContactHistoryViewController */,
			);
			path = Controller;
			sourceTree = "<group>";
		};
		8C32C0D91F33570000B920DD /* ContactDetailViewController */ = {
			isa = PBXGroup;
			children = (
				8C32C0DA1F33570000B920DD /* ContactDetailViewController.h */,
				8C32C0DB1F33570000B920DD /* ContactDetailViewController.m */,
				44429AAD1F33A4940077D73A /* ContactAddressTableViewCell */,
				44429AA61F339CF20077D73A /* ContactTitleAndDetailTableViewCell */,
				8C32C0E81F33582200B920DD /* ContactImageTableViewCell */,
			);
			path = ContactDetailViewController;
			sourceTree = "<group>";
		};
		8C32C0DC1F33570000B920DD /* ContactViewController */ = {
			isa = PBXGroup;
			children = (
				8C9EAA311F3AF86E00A90C97 /* ContactListCoreDataViewController */,
				8C32C0DD1F33570000B920DD /* ContactTableViewCell */,
				8C32C0E01F33570000B920DD /* ViewController.h */,
				8C32C0E11F33570000B920DD /* ViewController.m */,
			);
			path = ContactViewController;
			sourceTree = "<group>";
		};
		8C32C0DD1F33570000B920DD /* ContactTableViewCell */ = {
			isa = PBXGroup;
			children = (
				8C32C0DE1F33570000B920DD /* ContactTableViewCell.h */,
				8C32C0DF1F33570000B920DD /* ContactTableViewCell.m */,
			);
			path = ContactTableViewCell;
			sourceTree = "<group>";
		};
		8C32C0E81F33582200B920DD /* ContactImageTableViewCell */ = {
			isa = PBXGroup;
			children = (
				8C32C0E91F33582300B920DD /* ContactImageTableViewCell.h */,
				8C32C0EA1F33582300B920DD /* ContactImageTableViewCell.m */,
			);
			path = ContactImageTableViewCell;
			sourceTree = "<group>";
		};
		8C9EAA311F3AF86E00A90C97 /* ContactListCoreDataViewController */ = {
			isa = PBXGroup;
			children = (
				8C9EAA321F3AF86E00A90C97 /* ContactListCoreDataViewController.h */,
				8C9EAA331F3AF86E00A90C97 /* ContactListCoreDataViewController.m */,
			);
			path = ContactListCoreDataViewController;
			sourceTree = "<group>";
		};
		8CAD926F1F3B26F200F7C1A0 /* Model */ = {
			isa = PBXGroup;
			children = (
				8CAD92701F3B26F200F7C1A0 /* CoreDataModel */,
			);
			path = Model;
			sourceTree = "<group>";
		};
		8CAD92701F3B26F200F7C1A0 /* CoreDataModel */ = {
			isa = PBXGroup;
			children = (
				8CAD927D1F3B270100F7C1A0 /* JSContactHistory+CoreDataClass.h */,
				8CAD927E1F3B270100F7C1A0 /* JSContactHistory+CoreDataClass.m */,
				8CAD927F1F3B270100F7C1A0 /* JSContactHistory+CoreDataProperties.h */,
				8CAD92801F3B270100F7C1A0 /* JSContactHistory+CoreDataProperties.m */,
				8CAD92711F3B26F200F7C1A0 /* JSContact+CoreDataClass.h */,
				8CAD92721F3B26F200F7C1A0 /* JSContact+CoreDataClass.m */,
				8CAD92731F3B26F200F7C1A0 /* JSContact+CoreDataProperties.h */,
				8CAD92741F3B26F200F7C1A0 /* JSContact+CoreDataProperties.m */,
				8CAD92751F3B26F200F7C1A0 /* JSPhoneNumber+CoreDataClass.h */,
				8CAD92761F3B26F200F7C1A0 /* JSPhoneNumber+CoreDataClass.m */,
				8CAD92771F3B26F200F7C1A0 /* JSPhoneNumber+CoreDataProperties.h */,
				8CAD92781F3B26F200F7C1A0 /* JSPhoneNumber+CoreDataProperties.m */,
			);
			path = CoreDataModel;
			sourceTree = "<group>";
		};
		8CC0C23D1F3AC43600567CDE /* CoreDataManager */ = {
			isa = PBXGroup;
			children = (
				8CC0C23E1F3AC43600567CDE /* CoreDataManager.h */,
				8CC0C23F1F3AC43600567CDE /* CoreDataManager.m */,
				8CC0C29A1F3AE20B00567CDE /* ios-queryable */,
				8CC0C2431F3AC5C700567CDE /* CoreDataConstant */,
			);
			path = CoreDataManager;
			sourceTree = "<group>";
		};
		8CC0C2431F3AC5C700567CDE /* CoreDataConstant */ = {
			isa = PBXGroup;
			children = (
				8CC0C2461F3AC67A00567CDE /* CoreDataConstant.h */,
			);
			path = CoreDataConstant;
			sourceTree = "<group>";
		};
		8CC0C29A1F3AE20B00567CDE /* ios-queryable */ = {
			isa = PBXGroup;
			children = (
				8CC0C29B1F3AE20B00567CDE /* ios-queryable-Prefix.pch */,
				8CC0C29C1F3AE20B00567CDE /* NSManagedObjectContext+Queryable.h */,
				8CC0C29D1F3AE20B00567CDE /* NSManagedObjectContext+Queryable.m */,
				8CC0C29E1F3AE20B00567CDE /* NSManagedObjectContext+QueryType.h */,
				8CC0C29F1F3AE20B00567CDE /* NSManagedObjectContext+QueryType.m */,
			);
			path = "ios-queryable";
			sourceTree = "<group>";
		};
		EBA706D4144146307BF68E4A /* Pods */ = {
			isa = PBXGroup;
			children = (
				25D33E470512EB58D7782E5F /* Pods-JSContactBook.debug.xcconfig */,
				D20787C511E5B6D249448596 /* Pods-JSContactBook.release.xcconfig */,
			);
			name = Pods;
			sourceTree = "<group>";
		};
/* End PBXGroup section */

/* Begin PBXNativeTarget section */
		447594061F3249D300EAFB47 /* JSContactBook */ = {
			isa = PBXNativeTarget;
			buildConfigurationList = 447594341F3249D300EAFB47 /* Build configuration list for PBXNativeTarget "JSContactBook" */;
			buildPhases = (
				7C4CE337F9C20BD02585100E /* [CP] Check Pods Manifest.lock */,
				447594031F3249D300EAFB47 /* Sources */,
				447594041F3249D300EAFB47 /* Frameworks */,
				447594051F3249D300EAFB47 /* Resources */,
				F673D43B0A20163E71EAE025 /* [CP] Embed Pods Frameworks */,
				98C4944A7323770EAA5F10E8 /* [CP] Copy Pods Resources */,
			);
			buildRules = (
			);
			dependencies = (
			);
			name = JSContactBook;
			productName = JSContactBook;
			productReference = 447594071F3249D300EAFB47 /* JSContactBook.app */;
			productType = "com.apple.product-type.application";
		};
		4475941F1F3249D300EAFB47 /* JSContactBookTests */ = {
			isa = PBXNativeTarget;
			buildConfigurationList = 447594371F3249D300EAFB47 /* Build configuration list for PBXNativeTarget "JSContactBookTests" */;
			buildPhases = (
				4475941C1F3249D300EAFB47 /* Sources */,
				4475941D1F3249D300EAFB47 /* Frameworks */,
				4475941E1F3249D300EAFB47 /* Resources */,
			);
			buildRules = (
			);
			dependencies = (
				447594221F3249D300EAFB47 /* PBXTargetDependency */,
			);
			name = JSContactBookTests;
			productName = JSContactBookTests;
			productReference = 447594201F3249D300EAFB47 /* JSContactBookTests.xctest */;
			productType = "com.apple.product-type.bundle.unit-test";
		};
		4475942A1F3249D300EAFB47 /* JSContactBookUITests */ = {
			isa = PBXNativeTarget;
			buildConfigurationList = 4475943A1F3249D300EAFB47 /* Build configuration list for PBXNativeTarget "JSContactBookUITests" */;
			buildPhases = (
				447594271F3249D300EAFB47 /* Sources */,
				447594281F3249D300EAFB47 /* Frameworks */,
				447594291F3249D300EAFB47 /* Resources */,
			);
			buildRules = (
			);
			dependencies = (
				4475942D1F3249D300EAFB47 /* PBXTargetDependency */,
			);
			name = JSContactBookUITests;
			productName = JSContactBookUITests;
			productReference = 4475942B1F3249D300EAFB47 /* JSContactBookUITests.xctest */;
			productType = "com.apple.product-type.bundle.ui-testing";
		};
/* End PBXNativeTarget section */

/* Begin PBXProject section */
		447593FF1F3249D300EAFB47 /* Project object */ = {
			isa = PBXProject;
			attributes = {
				LastUpgradeCheck = 0830;
				ORGANIZATIONNAME = Jayesh;
				TargetAttributes = {
					447594061F3249D300EAFB47 = {
						CreatedOnToolsVersion = 8.3.2;
						ProvisioningStyle = Automatic;
					};
					4475941F1F3249D300EAFB47 = {
						CreatedOnToolsVersion = 8.3.2;
						ProvisioningStyle = Automatic;
						TestTargetID = 447594061F3249D300EAFB47;
					};
					4475942A1F3249D300EAFB47 = {
						CreatedOnToolsVersion = 8.3.2;
						ProvisioningStyle = Automatic;
						TestTargetID = 447594061F3249D300EAFB47;
					};
				};
			};
			buildConfigurationList = 447594021F3249D300EAFB47 /* Build configuration list for PBXProject "JSContactBook" */;
			compatibilityVersion = "Xcode 3.2";
			developmentRegion = English;
			hasScannedForEncodings = 0;
			knownRegions = (
				en,
				Base,
			);
			mainGroup = 447593FE1F3249D300EAFB47;
			productRefGroup = 447594081F3249D300EAFB47 /* Products */;
			projectDirPath = "";
			projectRoot = "";
			targets = (
				447594061F3249D300EAFB47 /* JSContactBook */,
				4475941F1F3249D300EAFB47 /* JSContactBookTests */,
				4475942A1F3249D300EAFB47 /* JSContactBookUITests */,
			);
		};
/* End PBXProject section */

/* Begin PBXResourcesBuildPhase section */
		447594051F3249D300EAFB47 /* Resources */ = {
			isa = PBXResourcesBuildPhase;
			buildActionMask = 2147483647;
			files = (
				4475941A1F3249D300EAFB47 /* LaunchScreen.storyboard in Resources */,
				447594171F3249D300EAFB47 /* Assets.xcassets in Resources */,
				447594151F3249D300EAFB47 /* Main.storyboard in Resources */,
			);
			runOnlyForDeploymentPostprocessing = 0;
		};
		4475941E1F3249D300EAFB47 /* Resources */ = {
			isa = PBXResourcesBuildPhase;
			buildActionMask = 2147483647;
			files = (
			);
			runOnlyForDeploymentPostprocessing = 0;
		};
		447594291F3249D300EAFB47 /* Resources */ = {
			isa = PBXResourcesBuildPhase;
			buildActionMask = 2147483647;
			files = (
			);
			runOnlyForDeploymentPostprocessing = 0;
		};
/* End PBXResourcesBuildPhase section */

/* Begin PBXShellScriptBuildPhase section */
		7C4CE337F9C20BD02585100E /* [CP] Check Pods Manifest.lock */ = {
			isa = PBXShellScriptBuildPhase;
			buildActionMask = 2147483647;
			files = (
			);
			inputPaths = (
			);
			name = "[CP] Check Pods Manifest.lock";
			outputPaths = (
			);
			runOnlyForDeploymentPostprocessing = 0;
			shellPath = /bin/sh;
			shellScript = "diff \"${PODS_ROOT}/../Podfile.lock\" \"${PODS_ROOT}/Manifest.lock\" > /dev/null\nif [ $? != 0 ] ; then\n    # print error to STDERR\n    echo \"error: The sandbox is not in sync with the Podfile.lock. Run 'pod install' or update your CocoaPods installation.\" >&2\n    exit 1\nfi\n";
			showEnvVarsInLog = 0;
		};
		98C4944A7323770EAA5F10E8 /* [CP] Copy Pods Resources */ = {
			isa = PBXShellScriptBuildPhase;
			buildActionMask = 2147483647;
			files = (
			);
			inputPaths = (
			);
			name = "[CP] Copy Pods Resources";
			outputPaths = (
			);
			runOnlyForDeploymentPostprocessing = 0;
			shellPath = /bin/sh;
			shellScript = "\"${SRCROOT}/Pods/Target Support Files/Pods-JSContactBook/Pods-JSContactBook-resources.sh\"\n";
			showEnvVarsInLog = 0;
		};
		F673D43B0A20163E71EAE025 /* [CP] Embed Pods Frameworks */ = {
			isa = PBXShellScriptBuildPhase;
			buildActionMask = 2147483647;
			files = (
			);
			inputPaths = (
			);
			name = "[CP] Embed Pods Frameworks";
			outputPaths = (
			);
			runOnlyForDeploymentPostprocessing = 0;
			shellPath = /bin/sh;
			shellScript = "\"${SRCROOT}/Pods/Target Support Files/Pods-JSContactBook/Pods-JSContactBook-frameworks.sh\"\n";
			showEnvVarsInLog = 0;
		};
/* End PBXShellScriptBuildPhase section */

/* Begin PBXSourcesBuildPhase section */
		447594031F3249D300EAFB47 /* Sources */ = {
			isa = PBXSourcesBuildPhase;
			buildActionMask = 2147483647;
			files = (
				44AC2CEC1F33DF670081041A /* ContactEditAddDataTableViewCell.m in Sources */,
				44429AB01F33A4940077D73A /* ContactAddressTableViewCell.m in Sources */,
				8CC0C2A11F3AE20B00567CDE /* NSManagedObjectContext+QueryType.m in Sources */,
				8CAD92811F3B270100F7C1A0 /* JSContactHistory+CoreDataClass.m in Sources */,
				8CAD92791F3B26F200F7C1A0 /* JSContact+CoreDataClass.m in Sources */,
				8C32C0E21F33570000B920DD /* ContactDetailViewController.m in Sources */,
				8CC0C2491F3AC70800567CDE /* JSContactBook.xcdatamodeld in Sources */,
				4475940F1F3249D300EAFB47 /* AppDelegate.m in Sources */,
				44AC2CF31F33E23C0081041A /* ContactEditAddDetailTableViewCell.m in Sources */,
				44D96CF51F3B540100CE1839 /* ContactHistoryViewController.m in Sources */,
				44D96CFC1F3B547400CE1839 /* CallHistoryTableViewCell.m in Sources */,
				8C9EAA341F3AF86E00A90C97 /* ContactListCoreDataViewController.m in Sources */,
				8C32C0E41F33570000B920DD /* ViewController.m in Sources */,
				44429ABE1F33B3290077D73A /* ContactEditNameImageTableViewCell.m in Sources */,
				8C32C0EB1F33582300B920DD /* ContactImageTableViewCell.m in Sources */,
				44429AA91F339CF20077D73A /* ContactTitleAndDetailTableViewCell.m in Sources */,
				8CAD927B1F3B26F200F7C1A0 /* JSPhoneNumber+CoreDataClass.m in Sources */,
				8C32C0E31F33570000B920DD /* ContactTableViewCell.m in Sources */,
				8CC0C2401F3AC43600567CDE /* CoreDataManager.m in Sources */,
				8CAD927C1F3B26F200F7C1A0 /* JSPhoneNumber+CoreDataProperties.m in Sources */,
				8CAD927A1F3B26F200F7C1A0 /* JSContact+CoreDataProperties.m in Sources */,
				44429AB71F33ACAD0077D73A /* ContactEditViewController.m in Sources */,
				8C32C0CD1F332AF400B920DD /* CNContact+JSContact.m in Sources */,
				447594451F324F4100EAFB47 /* ContactManager.m in Sources */,
				4475940C1F3249D300EAFB47 /* main.m in Sources */,
				8CC0C2A01F3AE20B00567CDE /* NSManagedObjectContext+Queryable.m in Sources */,
				8CAD92821F3B270100F7C1A0 /* JSContactHistory+CoreDataProperties.m in Sources */,
				8C32C0D41F332E8700B920DD /* NSAttributedString+JSAttributedString.m in Sources */,
			);
			runOnlyForDeploymentPostprocessing = 0;
		};
		4475941C1F3249D300EAFB47 /* Sources */ = {
			isa = PBXSourcesBuildPhase;
			buildActionMask = 2147483647;
			files = (
				447594251F3249D300EAFB47 /* JSContactBookTests.m in Sources */,
			);
			runOnlyForDeploymentPostprocessing = 0;
		};
		447594271F3249D300EAFB47 /* Sources */ = {
			isa = PBXSourcesBuildPhase;
			buildActionMask = 2147483647;
			files = (
				447594301F3249D300EAFB47 /* JSContactBookUITests.m in Sources */,
			);
			runOnlyForDeploymentPostprocessing = 0;
		};
/* End PBXSourcesBuildPhase section */

/* Begin PBXTargetDependency section */
		447594221F3249D300EAFB47 /* PBXTargetDependency */ = {
			isa = PBXTargetDependency;
			target = 447594061F3249D300EAFB47 /* JSContactBook */;
			targetProxy = 447594211F3249D300EAFB47 /* PBXContainerItemProxy */;
		};
		4475942D1F3249D300EAFB47 /* PBXTargetDependency */ = {
			isa = PBXTargetDependency;
			target = 447594061F3249D300EAFB47 /* JSContactBook */;
			targetProxy = 4475942C1F3249D300EAFB47 /* PBXContainerItemProxy */;
		};
/* End PBXTargetDependency section */

/* Begin PBXVariantGroup section */
		447594131F3249D300EAFB47 /* Main.storyboard */ = {
			isa = PBXVariantGroup;
			children = (
				447594141F3249D300EAFB47 /* Base */,
			);
			name = Main.storyboard;
			sourceTree = "<group>";
		};
		447594181F3249D300EAFB47 /* LaunchScreen.storyboard */ = {
			isa = PBXVariantGroup;
			children = (
				447594191F3249D300EAFB47 /* Base */,
			);
			name = LaunchScreen.storyboard;
			sourceTree = "<group>";
		};
/* End PBXVariantGroup section */

/* Begin XCBuildConfiguration section */
		447594321F3249D300EAFB47 /* Debug */ = {
			isa = XCBuildConfiguration;
			buildSettings = {
				ALWAYS_SEARCH_USER_PATHS = NO;
				CLANG_ANALYZER_NONNULL = YES;
				CLANG_ANALYZER_NUMBER_OBJECT_CONVERSION = YES_AGGRESSIVE;
				CLANG_CXX_LANGUAGE_STANDARD = "gnu++0x";
				CLANG_CXX_LIBRARY = "libc++";
				CLANG_ENABLE_MODULES = YES;
				CLANG_ENABLE_OBJC_ARC = YES;
				CLANG_WARN_BOOL_CONVERSION = YES;
				CLANG_WARN_CONSTANT_CONVERSION = YES;
				CLANG_WARN_DIRECT_OBJC_ISA_USAGE = YES_ERROR;
				CLANG_WARN_DOCUMENTATION_COMMENTS = YES;
				CLANG_WARN_EMPTY_BODY = YES;
				CLANG_WARN_ENUM_CONVERSION = YES;
				CLANG_WARN_INFINITE_RECURSION = YES;
				CLANG_WARN_INT_CONVERSION = YES;
				CLANG_WARN_OBJC_ROOT_CLASS = YES_ERROR;
				CLANG_WARN_SUSPICIOUS_MOVE = YES;
				CLANG_WARN_UNREACHABLE_CODE = YES;
				CLANG_WARN__DUPLICATE_METHOD_MATCH = YES;
				"CODE_SIGN_IDENTITY[sdk=iphoneos*]" = "iPhone Developer";
				COPY_PHASE_STRIP = NO;
				DEBUG_INFORMATION_FORMAT = dwarf;
				ENABLE_STRICT_OBJC_MSGSEND = YES;
				ENABLE_TESTABILITY = YES;
				GCC_C_LANGUAGE_STANDARD = gnu99;
				GCC_DYNAMIC_NO_PIC = NO;
				GCC_NO_COMMON_BLOCKS = YES;
				GCC_OPTIMIZATION_LEVEL = 0;
				GCC_PREPROCESSOR_DEFINITIONS = (
					"DEBUG=1",
					"$(inherited)",
				);
				GCC_WARN_64_TO_32_BIT_CONVERSION = YES;
				GCC_WARN_ABOUT_RETURN_TYPE = YES_ERROR;
				GCC_WARN_UNDECLARED_SELECTOR = YES;
				GCC_WARN_UNINITIALIZED_AUTOS = YES_AGGRESSIVE;
				GCC_WARN_UNUSED_FUNCTION = YES;
				GCC_WARN_UNUSED_VARIABLE = YES;
				IPHONEOS_DEPLOYMENT_TARGET = 10.3;
				MTL_ENABLE_DEBUG_INFO = YES;
				ONLY_ACTIVE_ARCH = YES;
				SDKROOT = iphoneos;
				TARGETED_DEVICE_FAMILY = "1,2";
			};
			name = Debug;
		};
		447594331F3249D300EAFB47 /* Release */ = {
			isa = XCBuildConfiguration;
			buildSettings = {
				ALWAYS_SEARCH_USER_PATHS = NO;
				CLANG_ANALYZER_NONNULL = YES;
				CLANG_ANALYZER_NUMBER_OBJECT_CONVERSION = YES_AGGRESSIVE;
				CLANG_CXX_LANGUAGE_STANDARD = "gnu++0x";
				CLANG_CXX_LIBRARY = "libc++";
				CLANG_ENABLE_MODULES = YES;
				CLANG_ENABLE_OBJC_ARC = YES;
				CLANG_WARN_BOOL_CONVERSION = YES;
				CLANG_WARN_CONSTANT_CONVERSION = YES;
				CLANG_WARN_DIRECT_OBJC_ISA_USAGE = YES_ERROR;
				CLANG_WARN_DOCUMENTATION_COMMENTS = YES;
				CLANG_WARN_EMPTY_BODY = YES;
				CLANG_WARN_ENUM_CONVERSION = YES;
				CLANG_WARN_INFINITE_RECURSION = YES;
				CLANG_WARN_INT_CONVERSION = YES;
				CLANG_WARN_OBJC_ROOT_CLASS = YES_ERROR;
				CLANG_WARN_SUSPICIOUS_MOVE = YES;
				CLANG_WARN_UNREACHABLE_CODE = YES;
				CLANG_WARN__DUPLICATE_METHOD_MATCH = YES;
				"CODE_SIGN_IDENTITY[sdk=iphoneos*]" = "iPhone Developer";
				COPY_PHASE_STRIP = NO;
				DEBUG_INFORMATION_FORMAT = "dwarf-with-dsym";
				ENABLE_NS_ASSERTIONS = NO;
				ENABLE_STRICT_OBJC_MSGSEND = YES;
				GCC_C_LANGUAGE_STANDARD = gnu99;
				GCC_NO_COMMON_BLOCKS = YES;
				GCC_WARN_64_TO_32_BIT_CONVERSION = YES;
				GCC_WARN_ABOUT_RETURN_TYPE = YES_ERROR;
				GCC_WARN_UNDECLARED_SELECTOR = YES;
				GCC_WARN_UNINITIALIZED_AUTOS = YES_AGGRESSIVE;
				GCC_WARN_UNUSED_FUNCTION = YES;
				GCC_WARN_UNUSED_VARIABLE = YES;
				IPHONEOS_DEPLOYMENT_TARGET = 10.3;
				MTL_ENABLE_DEBUG_INFO = NO;
				SDKROOT = iphoneos;
				TARGETED_DEVICE_FAMILY = "1,2";
				VALIDATE_PRODUCT = YES;
			};
			name = Release;
		};
		447594351F3249D300EAFB47 /* Debug */ = {
			isa = XCBuildConfiguration;
			baseConfigurationReference = 25D33E470512EB58D7782E5F /* Pods-JSContactBook.debug.xcconfig */;
			buildSettings = {
				ASSETCATALOG_COMPILER_APPICON_NAME = AppIcon;
				INFOPLIST_FILE = JSContactBook/Info.plist;
				LD_RUNPATH_SEARCH_PATHS = "$(inherited) @executable_path/Frameworks";
				PRODUCT_BUNDLE_IDENTIFIER = "Jayesh-Sojitra.JSContactBook";
				PRODUCT_NAME = "$(TARGET_NAME)";
			};
			name = Debug;
		};
		447594361F3249D300EAFB47 /* Release */ = {
			isa = XCBuildConfiguration;
			baseConfigurationReference = D20787C511E5B6D249448596 /* Pods-JSContactBook.release.xcconfig */;
			buildSettings = {
				ASSETCATALOG_COMPILER_APPICON_NAME = AppIcon;
				INFOPLIST_FILE = JSContactBook/Info.plist;
				LD_RUNPATH_SEARCH_PATHS = "$(inherited) @executable_path/Frameworks";
				PRODUCT_BUNDLE_IDENTIFIER = "Jayesh-Sojitra.JSContactBook";
				PRODUCT_NAME = "$(TARGET_NAME)";
			};
			name = Release;
		};
		447594381F3249D300EAFB47 /* Debug */ = {
			isa = XCBuildConfiguration;
			buildSettings = {
				BUNDLE_LOADER = "$(TEST_HOST)";
				INFOPLIST_FILE = JSContactBookTests/Info.plist;
				LD_RUNPATH_SEARCH_PATHS = "$(inherited) @executable_path/Frameworks @loader_path/Frameworks";
				PRODUCT_BUNDLE_IDENTIFIER = "Jayesh-Sojitra.JSContactBookTests";
				PRODUCT_NAME = "$(TARGET_NAME)";
				TEST_HOST = "$(BUILT_PRODUCTS_DIR)/JSContactBook.app/JSContactBook";
			};
			name = Debug;
		};
		447594391F3249D300EAFB47 /* Release */ = {
			isa = XCBuildConfiguration;
			buildSettings = {
				BUNDLE_LOADER = "$(TEST_HOST)";
				INFOPLIST_FILE = JSContactBookTests/Info.plist;
				LD_RUNPATH_SEARCH_PATHS = "$(inherited) @executable_path/Frameworks @loader_path/Frameworks";
				PRODUCT_BUNDLE_IDENTIFIER = "Jayesh-Sojitra.JSContactBookTests";
				PRODUCT_NAME = "$(TARGET_NAME)";
				TEST_HOST = "$(BUILT_PRODUCTS_DIR)/JSContactBook.app/JSContactBook";
			};
			name = Release;
		};
		4475943B1F3249D300EAFB47 /* Debug */ = {
			isa = XCBuildConfiguration;
			buildSettings = {
				INFOPLIST_FILE = JSContactBookUITests/Info.plist;
				LD_RUNPATH_SEARCH_PATHS = "$(inherited) @executable_path/Frameworks @loader_path/Frameworks";
				PRODUCT_BUNDLE_IDENTIFIER = "Jayesh-Sojitra.JSContactBookUITests";
				PRODUCT_NAME = "$(TARGET_NAME)";
				TEST_TARGET_NAME = JSContactBook;
			};
			name = Debug;
		};
		4475943C1F3249D300EAFB47 /* Release */ = {
			isa = XCBuildConfiguration;
			buildSettings = {
				INFOPLIST_FILE = JSContactBookUITests/Info.plist;
				LD_RUNPATH_SEARCH_PATHS = "$(inherited) @executable_path/Frameworks @loader_path/Frameworks";
				PRODUCT_BUNDLE_IDENTIFIER = "Jayesh-Sojitra.JSContactBookUITests";
				PRODUCT_NAME = "$(TARGET_NAME)";
				TEST_TARGET_NAME = JSContactBook;
			};
			name = Release;
		};
/* End XCBuildConfiguration section */

/* Begin XCConfigurationList section */
		447594021F3249D300EAFB47 /* Build configuration list for PBXProject "JSContactBook" */ = {
			isa = XCConfigurationList;
			buildConfigurations = (
				447594321F3249D300EAFB47 /* Debug */,
				447594331F3249D300EAFB47 /* Release */,
			);
			defaultConfigurationIsVisible = 0;
			defaultConfigurationName = Release;
		};
		447594341F3249D300EAFB47 /* Build configuration list for PBXNativeTarget "JSContactBook" */ = {
			isa = XCConfigurationList;
			buildConfigurations = (
				447594351F3249D300EAFB47 /* Debug */,
				447594361F3249D300EAFB47 /* Release */,
			);
			defaultConfigurationIsVisible = 0;
			defaultConfigurationName = Release;
		};
		447594371F3249D300EAFB47 /* Build configuration list for PBXNativeTarget "JSContactBookTests" */ = {
			isa = XCConfigurationList;
			buildConfigurations = (
				447594381F3249D300EAFB47 /* Debug */,
				447594391F3249D300EAFB47 /* Release */,
			);
			defaultConfigurationIsVisible = 0;
			defaultConfigurationName = Release;
		};
		4475943A1F3249D300EAFB47 /* Build configuration list for PBXNativeTarget "JSContactBookUITests" */ = {
			isa = XCConfigurationList;
			buildConfigurations = (
				4475943B1F3249D300EAFB47 /* Debug */,
				4475943C1F3249D300EAFB47 /* Release */,
			);
			defaultConfigurationIsVisible = 0;
			defaultConfigurationName = Release;
		};
/* End XCConfigurationList section */

/* Begin XCVersionGroup section */
		8CC0C2471F3AC70800567CDE /* JSContactBook.xcdatamodeld */ = {
			isa = XCVersionGroup;
			children = (
				8CC0C2481F3AC70800567CDE /* JSContactBook.xcdatamodel */,
			);
			currentVersion = 8CC0C2481F3AC70800567CDE /* JSContactBook.xcdatamodel */;
			path = JSContactBook.xcdatamodeld;
			sourceTree = "<group>";
			versionGroupType = wrapper.xcdatamodel;
		};
/* End XCVersionGroup section */
	};
	rootObject = 447593FF1F3249D300EAFB47 /* Project object */;
}
